
Microsoft Visual Studio Solution File, Format Version 12.00
# Visual Studio 15
VisualStudioVersion = 15.0.28307.1972
MinimumVisualStudioVersion = 10.0.40219.1
Project("{FAE04EC0-301F-11D3-BF4B-00C04F79EFBC}") = "SimpleCalculator", "SimpleCalculator\SimpleCalculator.csproj", "{DBF5F1D5-5C20-44B1-8803-A58A53B29C1A}"
EndProject
Global
	GlobalSection(SolutionConfigurationPlatforms) = preSolution
		Debug|Any CPU = Debug|Any CPU
		Release|Any CPU = Release|Any CPU
	EndGlobalSection
	GlobalSection(ProjectConfigurationPlatforms) = postSolution
		{DBF5F1D5-5C20-44B1-8803-A58A53B29C1A}.Debug|Any CPU.ActiveCfg = Debug|Any CPU
		{DBF5F1D5-5C20-44B1-8803-A58A53B29C1A}.Debug|Any CPU.Build.0 = Debug|Any CPU
		{DBF5F1D5-5C20-44B1-8803-A58A53B29C1A}.Release|Any CPU.ActiveCfg = Release|Any CPU
		{DBF5F1D5-5C20-44B1-8803-A58A53B29C1A}.Release|Any CPU.Build.0 = Release|Any CPU
	EndGlobalSection
	GlobalSection(SolutionProperties) = preSolution
		HideSolutionNode = FALSE
	EndGlobalSection
	GlobalSection(ExtensibilityGlobals) = postSolution
		SolutionGuid = {A4A98B7A-5BB6-48B9-B611-B9D5E868AF07}
	EndGlobalSection
EndGlobal
